// !$*UTF8*$!
{
	archiveVersion = 1;
	classes = {
	};
	objectVersion = 50;
	objects = {

/* Begin PBXBuildFile section */
		C7DB6CC424DB4E8A00F64C69 /* main.m in Sources */ = {isa = PBXBuildFile; fileRef = C7DB6CC324DB4E8A00F64C69 /* main.m */; };
		C7DB6CCC24DB4EC100F64C69 /* RPSGame.m in Sources */ = {isa = PBXBuildFile; fileRef = C7DB6CCB24DB4EC100F64C69 /* RPSGame.m */; };
		C7DB6CCF24DB519200F64C69 /* RPSTurn.m in Sources */ = {isa = PBXBuildFile; fileRef = C7DB6CCE24DB519200F64C69 /* RPSTurn.m */; };
		C7DB6CD224DB51A500F64C69 /* RPSController.m in Sources */ = {isa = PBXBuildFile; fileRef = C7DB6CD124DB51A500F64C69 /* RPSController.m */; };
/* End PBXBuildFile section */

/* Begin PBXCopyFilesBuildPhase section */
		C7DB6CBE24DB4E8A00F64C69 /* CopyFiles */ = {
			isa = PBXCopyFilesBuildPhase;
			buildActionMask = 2147483647;
			dstPath = /usr/share/man/man1/;
			dstSubfolderSpec = 0;
			files = (
			);
			runOnlyForDeploymentPostprocessing = 1;
		};
/* End PBXCopyFilesBuildPhase section */

/* Begin PBXFileReference section */
		C7DB6CC024DB4E8A00F64C69 /* RockPaperScissorsCommandLine */ = {isa = PBXFileReference; explicitFileType = "compiled.mach-o.executable"; includeInIndex = 0; path = RockPaperScissorsCommandLine; sourceTree = BUILT_PRODUCTS_DIR; };
		C7DB6CC324DB4E8A00F64C69 /* main.m */ = {isa = PBXFileReference; lastKnownFileType = sourcecode.c.objc; path = main.m; sourceTree = "<group>"; };
		C7DB6CCA24DB4EC100F64C69 /* RPSGame.h */ = {isa = PBXFileReference; lastKnownFileType = sourcecode.c.h; path = RPSGame.h; sourceTree = "<group>"; };
		C7DB6CCB24DB4EC100F64C69 /* RPSGame.m */ = {isa = PBXFileReference; lastKnownFileType = sourcecode.c.objc; path = RPSGame.m; sourceTree = "<group>"; };
		C7DB6CCD24DB519200F64C69 /* RPSTurn.h */ = {isa = PBXFileReference; lastKnownFileType = sourcecode.c.h; path = RPSTurn.h; sourceTree = "<group>"; };
		C7DB6CCE24DB519200F64C69 /* RPSTurn.m */ = {isa = PBXFileReference; lastKnownFileType = sourcecode.c.objc; path = RPSTurn.m; sourceTree = "<group>"; };
		C7DB6CD024DB51A500F64C69 /* RPSController.h */ = {isa = PBXFileReference; lastKnownFileType = sourcecode.c.h; path = RPSController.h; sourceTree = "<group>"; };
		C7DB6CD124DB51A500F64C69 /* RPSController.m */ = {isa = PBXFileReference; lastKnownFileType = sourcecode.c.objc; path = RPSController.m; sourceTree = "<group>"; };
/* End PBXFileReference section */

/* Begin PBXFrameworksBuildPhase section */
		C7DB6CBD24DB4E8A00F64C69 /* Frameworks */ = {
			isa = PBXFrameworksBuildPhase;
			buildActionMask = 2147483647;
			files = (
			);
			runOnlyForDeploymentPostprocessing = 0;
		};
/* End PBXFrameworksBuildPhase section */

/* Begin PBXGroup section */
		C7DB6CB724DB4E8A00F64C69 = {
			isa = PBXGroup;
			children = (
				C7DB6CC224DB4E8A00F64C69 /* RockPaperScissorsCommandLine */,
				C7DB6CC124DB4E8A00F64C69 /* Products */,
			);
			sourceTree = "<group>";
		};
		C7DB6CC124DB4E8A00F64C69 /* Products */ = {
			isa = PBXGroup;
			children = (
				C7DB6CC024DB4E8A00F64C69 /* RockPaperScissorsCommandLine */,
			);
			name = Products;
			sourceTree = "<group>";
		};
		C7DB6CC224DB4E8A00F64C69 /* RockPaperScissorsCommandLine */ = {
			isa = PBXGroup;
			children = (
				C7DB6CC324DB4E8A00F64C69 /* main.m */,
				C7DB6CCA24DB4EC100F64C69 /* RPSGame.h */,
				C7DB6CCB24DB4EC100F64C69 /* RPSGame.m */,
				C7DB6CCD24DB519200F64C69 /* RPSTurn.h */,
				C7DB6CCE24DB519200F64C69 /* RPSTurn.m */,
				C7DB6CD024DB51A500F64C69 /* RPSController.h */,
				C7DB6CD124DB51A500F64C69 /* RPSController.m */,
			);
			path = RockPaperScissorsCommandLine;
			sourceTree = "<group>";
		};
/* End PBXGroup section */

/* Begin PBXNativeTarget section */
		C7DB6CBF24DB4E8A00F64C69 /* RockPaperScissorsCommandLine */ = {
			isa = PBXNativeTarget;
			buildConfigurationList = C7DB6CC724DB4E8A00F64C69 /* Build configuration list for PBXNativeTarget "RockPaperScissorsCommandLine" */;
			buildPhases = (
				C7DB6CBC24DB4E8A00F64C69 /* Sources */,
				C7DB6CBD24DB4E8A00F64C69 /* Frameworks */,
				C7DB6CBE24DB4E8A00F64C69 /* CopyFiles */,
			);
			buildRules = (
			);
			dependencies = (
			);
			name = RockPaperScissorsCommandLine;
			productName = RockPaperScissorsCommandLine;
			productReference = C7DB6CC024DB4E8A00F64C69 /* RockPaperScissorsCommandLine */;
			productType = "com.apple.product-type.tool";
		};
/* End PBXNativeTarget section */

/* Begin PBXProject section */
		C7DB6CB824DB4E8A00F64C69 /* Project object */ = {
			isa = PBXProject;
			attributes = {
				LastUpgradeCheck = 1160;
				ORGANIZATIONNAME = "Seyit Kaya";
				TargetAttributes = {
					C7DB6CBF24DB4E8A00F64C69 = {
						CreatedOnToolsVersion = 11.6;
					};
				};
			};
			buildConfigurationList = C7DB6CBB24DB4E8A00F64C69 /* Build configuration list for PBXProject "RockPaperScissorsCommandLine" */;
			compatibilityVersion = "Xcode 9.3";
			developmentRegion = en;
			hasScannedForEncodings = 0;
			knownRegions = (
				en,
				Base,
			);
			mainGroup = C7DB6CB724DB4E8A00F64C69;
			productRefGroup = C7DB6CC124DB4E8A00F64C69 /* Products */;
			projectDirPath = "";
			projectRoot = "";
			targets = (
				C7DB6CBF24DB4E8A00F64C69 /* RockPaperScissorsCommandLine */,
			);
		};
/* End PBXProject section */

/* Begin PBXSourcesBuildPhase section */
		C7DB6CBC24DB4E8A00F64C69 /* Sources */ = {
			isa = PBXSourcesBuildPhase;
			buildActionMask = 2147483647;
			files = (
				C7DB6CC424DB4E8A00F64C69 /* main.m in Sources */,
				C7DB6CCC24DB4EC100F64C69 /* RPSGame.m in Sources */,
				C7DB6CCF24DB519200F64C69 /* RPSTurn.m in Sources */,
				C7DB6CD224DB51A500F64C69 /* RPSController.m in Sources */,
			);
			runOnlyForDeploymentPostprocessing = 0;
		};
/* End PBXSourcesBuildPhase section */

/* Begin XCBuildConfiguration section */
		C7DB6CC524DB4E8A00F64C69 /* Debug */ = {
			isa = XCBuildConfiguration;
			buildSettings = {
				ALWAYS_SEARCH_USER_PATHS = NO;
				CLANG_ANALYZER_NONNULL = YES;
				CLANG_ANALYZER_NUMBER_OBJECT_CONVERSION = YES_AGGRESSIVE;
				CLANG_CXX_LANGUAGE_STANDARD = "gnu++14";
				CLANG_CXX_LIBRARY = "libc++";
				CLANG_ENABLE_MODULES = YES;
				CLANG_ENABLE_OBJC_ARC = YES;
				CLANG_ENABLE_OBJC_WEAK = YES;
				CLANG_WARN_BLOCK_CAPTURE_AUTORELEASING = YES;
				CLANG_WARN_BOOL_CONVERSION = YES;
				CLANG_WARN_COMMA = YES;
				CLANG_WARN_CONSTANT_CONVERSION = YES;
				CLANG_WARN_DEPRECATED_OBJC_IMPLEMENTATIONS = YES;
				CLANG_WARN_DIRECT_OBJC_ISA_USAGE = YES_ERROR;
				CLANG_WARN_DOCUMENTATION_COMMENTS = YES;
				CLANG_WARN_EMPTY_BODY = YES;
				CLANG_WARN_ENUM_CONVERSION = YES;
				CLANG_WARN_INFINITE_RECURSION = YES;
				CLANG_WARN_INT_CONVERSION = YES;
				CLANG_WARN_NON_LITERAL_NULL_CONVERSION = YES;
				CLANG_WARN_OBJC_IMPLICIT_RETAIN_SELF = YES;
				CLANG_WARN_OBJC_LITERAL_CONVERSION = YES;
				CLANG_WARN_OBJC_ROOT_CLASS = YES_ERROR;
				CLANG_WARN_RANGE_LOOP_ANALYSIS = YES;
				CLANG_WARN_STRICT_PROTOTYPES = YES;
				CLANG_WARN_SUSPICIOUS_MOVE = YES;
				CLANG_WARN_UNGUARDED_AVAILABILITY = YES_AGGRESSIVE;
				CLANG_WARN_UNREACHABLE_CODE = YES;
				CLANG_WARN__DUPLICATE_METHOD_MATCH = YES;
				COPY_PHASE_STRIP = NO;
				DEBUG_INFORMATION_FORMAT = dwarf;
				ENABLE_STRICT_OBJC_MSGSEND = YES;
				ENABLE_TESTABILITY = YES;
				GCC_C_LANGUAGE_STANDARD = gnu11;
				GCC_DYNAMIC_NO_PIC = NO;
				GCC_NO_COMMON_BLOCKS = YES;
				GCC_OPTIMIZATION_LEVEL = 0;
				GCC_PREPROCESSOR_DEFINITIONS = (
					"DEBUG=1",
					"$(inherited)",
				);
				GCC_WARN_64_TO_32_BIT_CONVERSION = YES;
				GCC_WARN_ABOUT_RETURN_TYPE = YES_ERROR;
				GCC_WARN_UNDECLARED_SELECTOR = YES;
				GCC_WARN_UNINITIALIZED_AUTOS = YES_AGGRESSIVE;
				GCC_WARN_UNUSED_FUNCTION = YES;
				GCC_WARN_UNUSED_VARIABLE = YES;
				MACOSX_DEPLOYMENT_TARGET = 10.15;
				MTL_ENABLE_DEBUG_INFO = INCLUDE_SOURCE;
				MTL_FAST_MATH = YES;
				ONLY_ACTIVE_ARCH = YES;
				SDKROOT = macosx;
			};
			name = Debug;
		};
		C7DB6CC624DB4E8A00F64C69 /* Release */ = {
			isa = XCBuildConfiguration;
			buildSettings = {
				ALWAYS_SEARCH_USER_PATHS = NO;
				CLANG_ANALYZER_NONNULL = YES;
				CLANG_ANALYZER_NUMBER_OBJECT_CONVERSION = YES_AGGRESSIVE;
				CLANG_CXX_LANGUAGE_STANDARD = "gnu++14";
				CLANG_CXX_LIBRARY = "libc++";
				CLANG_ENABLE_MODULES = YES;
				CLANG_ENABLE_OBJC_ARC = YES;
				CLANG_ENABLE_OBJC_WEAK = YES;
				CLANG_WARN_BLOCK_CAPTURE_AUTORELEASING = YES;
				CLANG_WARN_BOOL_CONVERSION = YES;
				CLANG_WARN_COMMA = YES;
				CLANG_WARN_CONSTANT_CONVERSION = YES;
				CLANG_WARN_DEPRECATED_OBJC_IMPLEMENTATIONS = YES;
				CLANG_WARN_DIRECT_OBJC_ISA_USAGE = YES_ERROR;
				CLANG_WARN_DOCUMENTATION_COMMENTS = YES;
				CLANG_WARN_EMPTY_BODY = YES;
				CLANG_WARN_ENUM_CONVERSION = YES;
				CLANG_WARN_INFINITE_RECURSION = YES;
				CLANG_WARN_INT_CONVERSION = YES;
				CLANG_WARN_NON_LITERAL_NULL_CONVERSION = YES;
				CLANG_WARN_OBJC_IMPLICIT_RETAIN_SELF = YES;
				CLANG_WARN_OBJC_LITERAL_CONVERSION = YES;
				CLANG_WARN_OBJC_ROOT_CLASS = YES_ERROR;
				CLANG_WARN_RANGE_LOOP_ANALYSIS = YES;
				CLANG_WARN_STRICT_PROTOTYPES = YES;
				CLANG_WARN_SUSPICIOUS_MOVE = YES;
				CLANG_WARN_UNGUARDED_AVAILABILITY = YES_AGGRESSIVE;
				CLANG_WARN_UNREACHABLE_CODE = YES;
				CLANG_WARN__DUPLICATE_METHOD_MATCH = YES;
				COPY_PHASE_STRIP = NO;
				DEBUG_INFORMATION_FORMAT = "dwarf-with-dsym";
				ENABLE_NS_ASSERTIONS = NO;
				ENABLE_STRICT_OBJC_MSGSEND = YES;
				GCC_C_LANGUAGE_STANDARD = gnu11;
				GCC_NO_COMMON_BLOCKS = YES;
				GCC_WARN_64_TO_32_BIT_CONVERSION = YES;
				GCC_WARN_ABOUT_RETURN_TYPE = YES_ERROR;
				GCC_WARN_UNDECLARED_SELECTOR = YES;
				GCC_WARN_UNINITIALIZED_AUTOS = YES_AGGRESSIVE;
				GCC_WARN_UNUSED_FUNCTION = YES;
				GCC_WARN_UNUSED_VARIABLE = YES;
				MACOSX_DEPLOYMENT_TARGET = 10.15;
				MTL_ENABLE_DEBUG_INFO = NO;
				MTL_FAST_MATH = YES;
				SDKROOT = macosx;
			};
			name = Release;
		};
		C7DB6CC824DB4E8A00F64C69 /* Debug */ = {
			isa = XCBuildConfiguration;
			buildSettings = {
				CODE_SIGN_STYLE = Automatic;
				DEVELOPMENT_TEAM = P69AN67UPJ;
				ENABLE_HARDENED_RUNTIME = YES;
				PRODUCT_NAME = "$(TARGET_NAME)";
			};
			name = Debug;
		};
		C7DB6CC924DB4E8A00F64C69 /* Release */ = {
			isa = XCBuildConfiguration;
			buildSettings = {
				CODE_SIGN_STYLE = Automatic;
				DEVELOPMENT_TEAM = P69AN67UPJ;
				ENABLE_HARDENED_RUNTIME = YES;
				PRODUCT_NAME = "$(TARGET_NAME)";
			};
			name = Release;
		};
/* End XCBuildConfiguration section */

/* Begin XCConfigurationList section */
		C7DB6CBB24DB4E8A00F64C69 /* Build configuration list for PBXProject "RockPaperScissorsCommandLine" */ = {
			isa = XCConfigurationList;
			buildConfigurations = (
				C7DB6CC524DB4E8A00F64C69 /* Debug */,
				C7DB6CC624DB4E8A00F64C69 /* Release */,
			);
			defaultConfigurationIsVisible = 0;
			defaultConfigurationName = Release;
		};
		C7DB6CC724DB4E8A00F64C69 /* Build configuration list for PBXNativeTarget "RockPaperScissorsCommandLine" */ = {
			isa = XCConfigurationList;
			buildConfigurations = (
				C7DB6CC824DB4E8A00F64C69 /* Debug */,
				C7DB6CC924DB4E8A00F64C69 /* Release */,
			);
			defaultConfigurationIsVisible = 0;
			defaultConfigurationName = Release;
		};
/* End XCConfigurationList section */
	};
	rootObject = C7DB6CB824DB4E8A00F64C69 /* Project object */;
}
